
Microsoft Visual Studio Solution File, Format Version 12.00
# Visual Studio Version 17
VisualStudioVersion = 17.5.33530.505
MinimumVisualStudioVersion = 10.0.40219.1
Project("{E24C65DC-7377-472B-9ABA-BC803B73C61A}") = "CSharpOpenAIDemo", "CSharpOpenAIDemo\", "{AEDC104C-F6D8-4B51-B00B-1059D90B170B}"
	ProjectSection(WebsiteProperties) = preProject
		TargetFrameworkMoniker = ".NETFramework,Version%3Dv4.7.2"
		Debug.AspNetCompiler.VirtualPath = "/localhost_55482"
		Debug.AspNetCompiler.PhysicalPath = "CSharpOpenAIDemo\"
		Debug.AspNetCompiler.TargetPath = "PrecompiledWeb\localhost_55482\"
		Debug.AspNetCompiler.Updateable = "true"
		Debug.AspNetCompiler.ForceOverwrite = "true"
		Debug.AspNetCompiler.FixedNames = "false"
		Debug.AspNetCompiler.Debug = "True"
		Release.AspNetCompiler.VirtualPath = "/localhost_55482"
		Release.AspNetCompiler.PhysicalPath = "CSharpOpenAIDemo\"
		Release.AspNetCompiler.TargetPath = "PrecompiledWeb\localhost_55482\"
		Release.AspNetCompiler.Updateable = "true"
		Release.AspNetCompiler.ForceOverwrite = "true"
		Release.AspNetCompiler.FixedNames = "false"
		Release.AspNetCompiler.Debug = "False"
		VWDPort = "55482"
		SlnRelativePath = "CSharpOpenAIDemo\"
		DefaultWebSiteLanguage = "Visual C#"
	EndProjectSection
EndProject
Global
	GlobalSection(SolutionConfigurationPlatforms) = preSolution
		Debug|Any CPU = Debug|Any CPU
	EndGlobalSection
	GlobalSection(ProjectConfigurationPlatforms) = postSolution
		{AEDC104C-F6D8-4B51-B00B-1059D90B170B}.Debug|Any CPU.ActiveCfg = Debug|Any CPU
		{AEDC104C-F6D8-4B51-B00B-1059D90B170B}.Debug|Any CPU.Build.0 = Debug|Any CPU
	EndGlobalSection
	GlobalSection(SolutionProperties) = preSolution
		HideSolutionNode = FALSE
	EndGlobalSection
	GlobalSection(ExtensibilityGlobals) = postSolution
		SolutionGuid = {028B2306-5725-436C-98F3-DE719463B56C}
	EndGlobalSection
EndGlobal
